
Microsoft Visual Studio Solution File, Format Version 12.00
# Visual Studio 2012
Project("{FAE04EC0-301F-11D3-BF4B-00C04F79EFBC}") = "problem2", "problem2\problem2.csproj", "{63A98B2B-8363-441F-8EB4-66E219F2BE4F}"
EndProject
Global
	GlobalSection(SolutionConfigurationPlatforms) = preSolution
		Debug|Any CPU = Debug|Any CPU
		Release|Any CPU = Release|Any CPU
	EndGlobalSection
	GlobalSection(ProjectConfigurationPlatforms) = postSolution
		{63A98B2B-8363-441F-8EB4-66E219F2BE4F}.Debug|Any CPU.ActiveCfg = Debug|Any CPU
		{63A98B2B-8363-441F-8EB4-66E219F2BE4F}.Debug|Any CPU.Build.0 = Debug|Any CPU
		{63A98B2B-8363-441F-8EB4-66E219F2BE4F}.Release|Any CPU.ActiveCfg = Release|Any CPU
		{63A98B2B-8363-441F-8EB4-66E219F2BE4F}.Release|Any CPU.Build.0 = Release|Any CPU
	EndGlobalSection
	GlobalSection(SolutionProperties) = preSolution
		HideSolutionNode = FALSE
	EndGlobalSection
EndGlobal
